
Microsoft Visual Studio Solution File, Format Version 12.00
# Visual Studio Version 17
VisualStudioVersion = 17.11.35312.102
MinimumVisualStudioVersion = 10.0.40219.1
Project("{FAE04EC0-301F-11D3-BF4B-00C04F79EFBC}") = "Homework7_Part1", "Homework7_Part1.csproj", "{EE5A3C41-C213-4E8C-BDE1-2D6478B44D44}"
EndProject
Global
	GlobalSection(SolutionConfigurationPlatforms) = preSolution
		Debug|Any CPU = Debug|Any CPU
		Release|Any CPU = Release|Any CPU
	EndGlobalSection
	GlobalSection(ProjectConfigurationPlatforms) = postSolution
		{EE5A3C41-C213-4E8C-BDE1-2D6478B44D44}.Debug|Any CPU.ActiveCfg = Debug|Any CPU
		{EE5A3C41-C213-4E8C-BDE1-2D6478B44D44}.Debug|Any CPU.Build.0 = Debug|Any CPU
		{EE5A3C41-C213-4E8C-BDE1-2D6478B44D44}.Release|Any CPU.ActiveCfg = Release|Any CPU
		{EE5A3C41-C213-4E8C-BDE1-2D6478B44D44}.Release|Any CPU.Build.0 = Release|Any CPU
	EndGlobalSection
	GlobalSection(SolutionProperties) = preSolution
		HideSolutionNode = FALSE
	EndGlobalSection
	GlobalSection(ExtensibilityGlobals) = postSolution
		SolutionGuid = {EA8FED59-8022-4538-9CF1-FCC1E25A60F7}
	EndGlobalSection
EndGlobal
